
Microsoft Visual Studio Solution File, Format Version 12.00
# Visual Studio Version 17
VisualStudioVersion = 17.0.31919.166
MinimumVisualStudioVersion = 10.0.40219.1
Project("{FAE04EC0-301F-11D3-BF4B-00C04F79EFBC}") = "AzureSql", "AzureSql.csproj", "{6241FC53-4669-4143-907F-8EC00B135F89}"
EndProject
Global
	GlobalSection(SolutionConfigurationPlatforms) = preSolution
		Debug|Any CPU = Debug|Any CPU
		Release|Any CPU = Release|Any CPU
	EndGlobalSection
	GlobalSection(ProjectConfigurationPlatforms) = postSolution
		{6241FC53-4669-4143-907F-8EC00B135F89}.Debug|Any CPU.ActiveCfg = Debug|Any CPU
		{6241FC53-4669-4143-907F-8EC00B135F89}.Debug|Any CPU.Build.0 = Debug|Any CPU
		{6241FC53-4669-4143-907F-8EC00B135F89}.Release|Any CPU.ActiveCfg = Release|Any CPU
		{6241FC53-4669-4143-907F-8EC00B135F89}.Release|Any CPU.Build.0 = Release|Any CPU
	EndGlobalSection
	GlobalSection(SolutionProperties) = preSolution
		HideSolutionNode = FALSE
	EndGlobalSection
	GlobalSection(ExtensibilityGlobals) = postSolution
		SolutionGuid = {85FF9D3A-187C-4396-895C-98D1DC0AC381}
	EndGlobalSection
EndGlobal
